
Microsoft Visual Studio Solution File, Format Version 12.00
# Visual Studio Version 16
VisualStudioVersion = 16.0.30114.105
MinimumVisualStudioVersion = 10.0.40219.1
Project("{FAE04EC0-301F-11D3-BF4B-00C04F79EFBC}") = "Pertemps.Tests", "Pertemps.Tests\Pertemps.Tests.csproj", "{BD6BAEC6-5115-46F8-BC8B-622FE358B812}"
EndProject
Project("{FAE04EC0-301F-11D3-BF4B-00C04F79EFBC}") = "Pertemps", "Pertemps.csproj", "{67BB918B-8E6D-4915-AB32-A3C9437E9CF0}"
EndProject
Global
	GlobalSection(SolutionConfigurationPlatforms) = preSolution
		Debug|Any CPU = Debug|Any CPU
		Release|Any CPU = Release|Any CPU
	EndGlobalSection
	GlobalSection(ProjectConfigurationPlatforms) = postSolution
		{BD6BAEC6-5115-46F8-BC8B-622FE358B812}.Debug|Any CPU.ActiveCfg = Debug|Any CPU
		{BD6BAEC6-5115-46F8-BC8B-622FE358B812}.Debug|Any CPU.Build.0 = Debug|Any CPU
		{BD6BAEC6-5115-46F8-BC8B-622FE358B812}.Release|Any CPU.ActiveCfg = Release|Any CPU
		{BD6BAEC6-5115-46F8-BC8B-622FE358B812}.Release|Any CPU.Build.0 = Release|Any CPU
		{67BB918B-8E6D-4915-AB32-A3C9437E9CF0}.Debug|Any CPU.ActiveCfg = Debug|Any CPU
		{67BB918B-8E6D-4915-AB32-A3C9437E9CF0}.Debug|Any CPU.Build.0 = Debug|Any CPU
		{67BB918B-8E6D-4915-AB32-A3C9437E9CF0}.Release|Any CPU.ActiveCfg = Release|Any CPU
		{67BB918B-8E6D-4915-AB32-A3C9437E9CF0}.Release|Any CPU.Build.0 = Release|Any CPU
	EndGlobalSection
	GlobalSection(SolutionProperties) = preSolution
		HideSolutionNode = FALSE
	EndGlobalSection
	GlobalSection(ExtensibilityGlobals) = postSolution
		SolutionGuid = {57B21846-BE94-4D64-BDA9-DA0B98982EC3}
	EndGlobalSection
EndGlobal
